
Microsoft Visual Studio Solution File, Format Version 12.00
# Visual Studio 14
VisualStudioVersion = 14.0.25420.1
MinimumVisualStudioVersion = 10.0.40219.1
Project("{FAE04EC0-301F-11D3-BF4B-00C04F79EFBC}") = "Differential Abstraction", "Kata4\Differential Abstraction.csproj", "{E0D3BAEE-3CA0-417E-958F-7B0D1CA1D7FA}"
EndProject
Project("{FAE04EC0-301F-11D3-BF4B-00C04F79EFBC}") = "Differential Abstraction Tests", "Kata4Tests\Differential Abstraction Tests.csproj", "{9524B4FB-6F08-4887-8757-E8BA3DFD075C}"
EndProject
Project("{2150E333-8FDC-42A3-9474-1A3956D46DE8}") = "Solution Items", "Solution Items", "{ABB5376D-DD30-467C-8495-BA5E8300DBD8}"
	ProjectSection(SolutionItems) = preProject
		Kata4\football.dat = Kata4\football.dat
		Kata4\weather.dat = Kata4\weather.dat
		Kata5\wordlist.txt = Kata5\wordlist.txt
	EndProjectSection
EndProject
Project("{FAE04EC0-301F-11D3-BF4B-00C04F79EFBC}") = "Kata", "Kata.csproj", "{6DE5FC73-2C7B-4DA1-A4C0-C10AD6DA746C}"
EndProject
Project("{FAE04EC0-301F-11D3-BF4B-00C04F79EFBC}") = "Bloom Filter", "Kata5\Bloom Filter.csproj", "{DAB6CC51-3BA3-4794-931E-DD7AB0D2DAD7}"
EndProject
Project("{FAE04EC0-301F-11D3-BF4B-00C04F79EFBC}") = "Bloom Filter Tests", "Kata5Tests\Bloom Filter Tests.csproj", "{D84DA69C-7B9A-480A-9859-392DBB04A78F}"
EndProject
Global
	GlobalSection(SolutionConfigurationPlatforms) = preSolution
		Debug|Any CPU = Debug|Any CPU
		Release|Any CPU = Release|Any CPU
	EndGlobalSection
	GlobalSection(ProjectConfigurationPlatforms) = postSolution
		{E0D3BAEE-3CA0-417E-958F-7B0D1CA1D7FA}.Debug|Any CPU.ActiveCfg = Debug|Any CPU
		{E0D3BAEE-3CA0-417E-958F-7B0D1CA1D7FA}.Debug|Any CPU.Build.0 = Debug|Any CPU
		{E0D3BAEE-3CA0-417E-958F-7B0D1CA1D7FA}.Release|Any CPU.ActiveCfg = Release|Any CPU
		{E0D3BAEE-3CA0-417E-958F-7B0D1CA1D7FA}.Release|Any CPU.Build.0 = Release|Any CPU
		{9524B4FB-6F08-4887-8757-E8BA3DFD075C}.Debug|Any CPU.ActiveCfg = Debug|Any CPU
		{9524B4FB-6F08-4887-8757-E8BA3DFD075C}.Debug|Any CPU.Build.0 = Debug|Any CPU
		{9524B4FB-6F08-4887-8757-E8BA3DFD075C}.Release|Any CPU.ActiveCfg = Release|Any CPU
		{9524B4FB-6F08-4887-8757-E8BA3DFD075C}.Release|Any CPU.Build.0 = Release|Any CPU
		{6DE5FC73-2C7B-4DA1-A4C0-C10AD6DA746C}.Debug|Any CPU.ActiveCfg = Debug|Any CPU
		{6DE5FC73-2C7B-4DA1-A4C0-C10AD6DA746C}.Debug|Any CPU.Build.0 = Debug|Any CPU
		{6DE5FC73-2C7B-4DA1-A4C0-C10AD6DA746C}.Release|Any CPU.ActiveCfg = Release|Any CPU
		{6DE5FC73-2C7B-4DA1-A4C0-C10AD6DA746C}.Release|Any CPU.Build.0 = Release|Any CPU
		{DAB6CC51-3BA3-4794-931E-DD7AB0D2DAD7}.Debug|Any CPU.ActiveCfg = Debug|Any CPU
		{DAB6CC51-3BA3-4794-931E-DD7AB0D2DAD7}.Debug|Any CPU.Build.0 = Debug|Any CPU
		{DAB6CC51-3BA3-4794-931E-DD7AB0D2DAD7}.Release|Any CPU.ActiveCfg = Release|Any CPU
		{DAB6CC51-3BA3-4794-931E-DD7AB0D2DAD7}.Release|Any CPU.Build.0 = Release|Any CPU
		{D84DA69C-7B9A-480A-9859-392DBB04A78F}.Debug|Any CPU.ActiveCfg = Debug|Any CPU
		{D84DA69C-7B9A-480A-9859-392DBB04A78F}.Debug|Any CPU.Build.0 = Debug|Any CPU
		{D84DA69C-7B9A-480A-9859-392DBB04A78F}.Release|Any CPU.ActiveCfg = Release|Any CPU
		{D84DA69C-7B9A-480A-9859-392DBB04A78F}.Release|Any CPU.Build.0 = Release|Any CPU
	EndGlobalSection
	GlobalSection(SolutionProperties) = preSolution
		HideSolutionNode = FALSE
	EndGlobalSection
EndGlobal
